
Microsoft Visual Studio Solution File, Format Version 12.00
# Visual Studio Version 17
VisualStudioVersion = 17.8.34322.80
MinimumVisualStudioVersion = 10.0.40219.1
Project("{888888A0-9F3D-457C-B088-3A5042F75D52}") = "DefeatTheEvilWizard", "DefeatTheEvilWizard.pyproj", "{690D7999-5D81-475B-A0E0-8CC41217C8D0}"
EndProject
Global
	GlobalSection(SolutionConfigurationPlatforms) = preSolution
		Debug|Any CPU = Debug|Any CPU
		Release|Any CPU = Release|Any CPU
	EndGlobalSection
	GlobalSection(ProjectConfigurationPlatforms) = postSolution
		{690D7999-5D81-475B-A0E0-8CC41217C8D0}.Debug|Any CPU.ActiveCfg = Debug|Any CPU
		{690D7999-5D81-475B-A0E0-8CC41217C8D0}.Release|Any CPU.ActiveCfg = Release|Any CPU
	EndGlobalSection
	GlobalSection(SolutionProperties) = preSolution
		HideSolutionNode = FALSE
	EndGlobalSection
	GlobalSection(ExtensibilityGlobals) = postSolution
		SolutionGuid = {24AD8F4A-A565-4961-82F5-C9B27F9FAE58}
	EndGlobalSection
EndGlobal
